<?xml version="1.0" encoding="utf-8"?>
<Project ToolsVersion="12.0" xmlns="http://schemas.microsoft.com/developer/msbuild/2003">
  <ItemGroup>
    <ClInclude Include="$(MSBuildThisFileDirectory)targetver.h" />
    <ClInclude Include="$(MSBuildThisFileDirectory)pch.h" />
    <ClInclude Include="$(MSBuildThisFileDirectory)DCEL.h" />
    <ClInclude Include="$(MSBuildThisFileDirectory)DCEL\DCELStream.h" />
    <ClInclude Include="$(MSBuildThisFileDirectory)DCEL\EdgeIterator.h" />
    <ClInclude Include="$(MSBuildThisFileDirectory)DCEL\Exception.h" />
    <ClInclude Include="$(MSBuildThisFileDirectory)DCEL\Face.h" />
    <ClInclude Include="$(MSBuildThisFileDirectory)DCEL\HalfEdge.h" />
    <ClInclude Include="$(MSBuildThisFileDirectory)DCEL\Mesh.h" />
    <ClInclude Include="$(MSBuildThisFileDirectory)DCEL\Vector3.h" />
    <ClInclude Include="$(MSBuildThisFileDirectory)DCEL\Vertex.h" />
    <ClInclude Include="$(MSBuildThisFileDirectory)DCEL\WavefrontObjImporter.h" />
  </ItemGroup>
  <ItemGroup>
    <ClCompile Include="$(MSBuildThisFileDirectory)pch.cpp">
      <PrecompiledHeader>Create</PrecompiledHeader>
    </ClCompile>
    <ClCompile Include="$(MSBuildThisFileDirectory)DCEL.cpp" />
    <ClCompile Include="$(MSBuildThisFileDirectory)DCEL\WavefrontObjImporter.cpp" />
  </ItemGroup>
</Project>